
Microsoft Visual Studio Solution File, Format Version 12.00
Project("{2150E333-8FDC-42A3-9474-1A3956D46DE8}") = "src", "src", "{85D115C0-CBF1-4196-A4DB-5E538186D237}"
EndProject
Project("{2150E333-8FDC-42A3-9474-1A3956D46DE8}") = "tests", "tests", "{E289F390-3AA6-4B9D-93D2-E23061C7ABAD}"
EndProject
Project("{FAE04EC0-301F-11D3-BF4B-00C04F79EFBC}") = "LogisticsPlatform.OrdersGenerator", "src\LogisticsPlatform.OrdersGenerator\LogisticsPlatform.OrdersGenerator.csproj", "{D02BCFC4-99A8-4B88-8F90-99E161AC7CC3}"
EndProject
Project("{FAE04EC0-301F-11D3-BF4B-00C04F79EFBC}") = "LogisticsPlatform.ServiceDiscovery", "src\LogisticsPlatform.ServiceDiscovery\LogisticsPlatform.ServiceDiscovery.csproj", "{E8B84833-EDF4-4299-A767-C90CED6C8147}"
EndProject
Project("{2150E333-8FDC-42A3-9474-1A3956D46DE8}") = "common", "common", "{E0BABB26-E6D1-4ECE-8DBA-59C8B2D628ED}"
	ProjectSection(SolutionItems) = preProject
		README.md = README.md
		docker-compose.yml = docker-compose.yml
	EndProjectSection
EndProject
Project("{FAE04EC0-301F-11D3-BF4B-00C04F79EFBC}") = "LogisticsPlatform.CustomerService", "src\LogisticsPlatform.CustomerService\LogisticsPlatform.CustomerService.csproj", "{F12A2D1B-FA59-47BD-80DA-1BF4E78BAA8A}"
EndProject
Project("{FAE04EC0-301F-11D3-BF4B-00C04F79EFBC}") = "LogisticsPlatform.LogisticsSimulator", "src\LogisticsPlatform.LogisticsSimulator\LogisticsPlatform.LogisticsSimulator.csproj", "{A2E7D0D4-FCE4-4004-A632-37412072AE4B}"
EndProject
Global
	GlobalSection(SolutionConfigurationPlatforms) = preSolution
		Debug|Any CPU = Debug|Any CPU
		Release|Any CPU = Release|Any CPU
	EndGlobalSection
	GlobalSection(NestedProjects) = preSolution
		{D02BCFC4-99A8-4B88-8F90-99E161AC7CC3} = {85D115C0-CBF1-4196-A4DB-5E538186D237}
		{E8B84833-EDF4-4299-A767-C90CED6C8147} = {85D115C0-CBF1-4196-A4DB-5E538186D237}
		{F12A2D1B-FA59-47BD-80DA-1BF4E78BAA8A} = {85D115C0-CBF1-4196-A4DB-5E538186D237}
		{A2E7D0D4-FCE4-4004-A632-37412072AE4B} = {85D115C0-CBF1-4196-A4DB-5E538186D237}
	EndGlobalSection
	GlobalSection(ProjectConfigurationPlatforms) = postSolution
		{D02BCFC4-99A8-4B88-8F90-99E161AC7CC3}.Debug|Any CPU.ActiveCfg = Debug|Any CPU
		{D02BCFC4-99A8-4B88-8F90-99E161AC7CC3}.Debug|Any CPU.Build.0 = Debug|Any CPU
		{D02BCFC4-99A8-4B88-8F90-99E161AC7CC3}.Release|Any CPU.ActiveCfg = Release|Any CPU
		{D02BCFC4-99A8-4B88-8F90-99E161AC7CC3}.Release|Any CPU.Build.0 = Release|Any CPU
		{E8B84833-EDF4-4299-A767-C90CED6C8147}.Debug|Any CPU.ActiveCfg = Debug|Any CPU
		{E8B84833-EDF4-4299-A767-C90CED6C8147}.Debug|Any CPU.Build.0 = Debug|Any CPU
		{E8B84833-EDF4-4299-A767-C90CED6C8147}.Release|Any CPU.ActiveCfg = Release|Any CPU
		{E8B84833-EDF4-4299-A767-C90CED6C8147}.Release|Any CPU.Build.0 = Release|Any CPU
		{F12A2D1B-FA59-47BD-80DA-1BF4E78BAA8A}.Debug|Any CPU.ActiveCfg = Debug|Any CPU
		{F12A2D1B-FA59-47BD-80DA-1BF4E78BAA8A}.Debug|Any CPU.Build.0 = Debug|Any CPU
		{F12A2D1B-FA59-47BD-80DA-1BF4E78BAA8A}.Release|Any CPU.ActiveCfg = Release|Any CPU
		{F12A2D1B-FA59-47BD-80DA-1BF4E78BAA8A}.Release|Any CPU.Build.0 = Release|Any CPU
		{A2E7D0D4-FCE4-4004-A632-37412072AE4B}.Debug|Any CPU.ActiveCfg = Debug|Any CPU
		{A2E7D0D4-FCE4-4004-A632-37412072AE4B}.Debug|Any CPU.Build.0 = Debug|Any CPU
		{A2E7D0D4-FCE4-4004-A632-37412072AE4B}.Release|Any CPU.ActiveCfg = Release|Any CPU
		{A2E7D0D4-FCE4-4004-A632-37412072AE4B}.Release|Any CPU.Build.0 = Release|Any CPU
	EndGlobalSection
EndGlobal
